// !$*UTF8*$!
{
	archiveVersion = 1;
	classes = {
	};
	objectVersion = 46;
	objects = {

/* Begin PBXBuildFile section */
		343BFBE4192A4FD200A16584 /* main.c in Sources */ = {isa = PBXBuildFile; fileRef = 343BFBE3192A4FD200A16584 /* main.c */; };
/* End PBXBuildFile section */

/* Begin PBXFileReference section */
		343BFBE0192A4FD200A16584 /* HLSServer */ = {isa = PBXFileReference; explicitFileType = "compiled.mach-o.executable"; includeInIndex = 0; path = HLSServer; sourceTree = BUILT_PRODUCTS_DIR; };
		343BFBE3192A4FD200A16584 /* main.c */ = {isa = PBXFileReference; lastKnownFileType = sourcecode.c.c; path = main.c; sourceTree = "<group>"; };
/* End PBXFileReference section */

/* Begin PBXFrameworksBuildPhase section */
		343BFBDD192A4FD200A16584 /* Frameworks */ = {
			isa = PBXFrameworksBuildPhase;
			buildActionMask = 2147483647;
			files = (
			);
			runOnlyForDeploymentPostprocessing = 0;
		};
/* End PBXFrameworksBuildPhase section */

/* Begin PBXGroup section */
		343BFBD7192A4FD200A16584 = {
			isa = PBXGroup;
			children = (
				343BFBE2192A4FD200A16584 /* HLSServer */,
				343BFBE1192A4FD200A16584 /* Products */,
			);
			sourceTree = "<group>";
		};
		343BFBE1192A4FD200A16584 /* Products */ = {
			isa = PBXGroup;
			children = (
				343BFBE0192A4FD200A16584 /* HLSServer */,
			);
			name = Products;
			sourceTree = "<group>";
		};
		343BFBE2192A4FD200A16584 /* HLSServer */ = {
			isa = PBXGroup;
			children = (
				343BFBE3192A4FD200A16584 /* main.c */,
			);
			path = HLSServer;
			sourceTree = "<group>";
		};
/* End PBXGroup section */

/* Begin PBXNativeTarget section */
		343BFBDF192A4FD200A16584 /* HLSServer */ = {
			isa = PBXNativeTarget;
			buildConfigurationList = 343BFBE9192A4FD200A16584 /* Build configuration list for PBXNativeTarget "HLSServer" */;
			buildPhases = (
				343BFBDC192A4FD200A16584 /* Sources */,
				343BFBDD192A4FD200A16584 /* Frameworks */,
			);
			buildRules = (
			);
			dependencies = (
			);
			name = HLSServer;
			productName = HLSServer;
			productReference = 343BFBE0192A4FD200A16584 /* HLSServer */;
			productType = "com.apple.product-type.tool";
		};
/* End PBXNativeTarget section */

/* Begin PBXProject section */
		343BFBD8192A4FD200A16584 /* Project object */ = {
			isa = PBXProject;
			attributes = {
				LastUpgradeCheck = 0510;
				ORGANIZATIONNAME = lzh;
			};
			buildConfigurationList = 343BFBDB192A4FD200A16584 /* Build configuration list for PBXProject "HLSServer" */;
			compatibilityVersion = "Xcode 3.2";
			developmentRegion = English;
			hasScannedForEncodings = 0;
			knownRegions = (
				en,
			);
			mainGroup = 343BFBD7192A4FD200A16584;
			productRefGroup = 343BFBE1192A4FD200A16584 /* Products */;
			projectDirPath = "";
			projectRoot = "";
			targets = (
				343BFBDF192A4FD200A16584 /* HLSServer */,
			);
		};
/* End PBXProject section */

/* Begin PBXSourcesBuildPhase section */
		343BFBDC192A4FD200A16584 /* Sources */ = {
			isa = PBXSourcesBuildPhase;
			buildActionMask = 2147483647;
			files = (
				343BFBE4192A4FD200A16584 /* main.c in Sources */,
			);
			runOnlyForDeploymentPostprocessing = 0;
		};
/* End PBXSourcesBuildPhase section */

/* Begin XCBuildConfiguration section */
		343BFBE7192A4FD200A16584 /* Debug */ = {
			isa = XCBuildConfiguration;
			buildSettings = {
				ALWAYS_SEARCH_USER_PATHS = NO;
				CLANG_CXX_LANGUAGE_STANDARD = "gnu++0x";
				CLANG_CXX_LIBRARY = "libc++";
				CLANG_ENABLE_MODULES = YES;
				CLANG_ENABLE_OBJC_ARC = YES;
				CLANG_WARN_BOOL_CONVERSION = YES;
				CLANG_WARN_CONSTANT_CONVERSION = YES;
				CLANG_WARN_DIRECT_OBJC_ISA_USAGE = YES_ERROR;
				CLANG_WARN_EMPTY_BODY = YES;
				CLANG_WARN_ENUM_CONVERSION = YES;
				CLANG_WARN_INT_CONVERSION = YES;
				CLANG_WARN_OBJC_ROOT_CLASS = YES_ERROR;
				CLANG_WARN__DUPLICATE_METHOD_MATCH = YES;
				COPY_PHASE_STRIP = NO;
				GCC_C_LANGUAGE_STANDARD = gnu99;
				GCC_DYNAMIC_NO_PIC = NO;
				GCC_ENABLE_OBJC_EXCEPTIONS = YES;
				GCC_OPTIMIZATION_LEVEL = 0;
				GCC_PREPROCESSOR_DEFINITIONS = (
					"DEBUG=1",
					"$(inherited)",
				);
				GCC_SYMBOLS_PRIVATE_EXTERN = NO;
				GCC_WARN_64_TO_32_BIT_CONVERSION = YES;
				GCC_WARN_ABOUT_RETURN_TYPE = YES_ERROR;
				GCC_WARN_UNDECLARED_SELECTOR = YES;
				GCC_WARN_UNINITIALIZED_AUTOS = YES_AGGRESSIVE;
				GCC_WARN_UNUSED_FUNCTION = YES;
				GCC_WARN_UNUSED_VARIABLE = YES;
				MACOSX_DEPLOYMENT_TARGET = 10.9;
				ONLY_ACTIVE_ARCH = YES;
				SDKROOT = macosx;
			};
			name = Debug;
		};
		343BFBE8192A4FD200A16584 /* Release */ = {
			isa = XCBuildConfiguration;
			buildSettings = {
				ALWAYS_SEARCH_USER_PATHS = NO;
				CLANG_CXX_LANGUAGE_STANDARD = "gnu++0x";
				CLANG_CXX_LIBRARY = "libc++";
				CLANG_ENABLE_MODULES = YES;
				CLANG_ENABLE_OBJC_ARC = YES;
				CLANG_WARN_BOOL_CONVERSION = YES;
				CLANG_WARN_CONSTANT_CONVERSION = YES;
				CLANG_WARN_DIRECT_OBJC_ISA_USAGE = YES_ERROR;
				CLANG_WARN_EMPTY_BODY = YES;
				CLANG_WARN_ENUM_CONVERSION = YES;
				CLANG_WARN_INT_CONVERSION = YES;
				CLANG_WARN_OBJC_ROOT_CLASS = YES_ERROR;
				CLANG_WARN__DUPLICATE_METHOD_MATCH = YES;
				COPY_PHASE_STRIP = YES;
				DEBUG_INFORMATION_FORMAT = "dwarf-with-dsym";
				ENABLE_NS_ASSERTIONS = NO;
				GCC_C_LANGUAGE_STANDARD = gnu99;
				GCC_ENABLE_OBJC_EXCEPTIONS = YES;
				GCC_WARN_64_TO_32_BIT_CONVERSION = YES;
				GCC_WARN_ABOUT_RETURN_TYPE = YES_ERROR;
				GCC_WARN_UNDECLARED_SELECTOR = YES;
				GCC_WARN_UNINITIALIZED_AUTOS = YES_AGGRESSIVE;
				GCC_WARN_UNUSED_FUNCTION = YES;
				GCC_WARN_UNUSED_VARIABLE = YES;
				MACOSX_DEPLOYMENT_TARGET = 10.9;
				SDKROOT = macosx;
			};
			name = Release;
		};
		343BFBEA192A4FD200A16584 /* Debug */ = {
			isa = XCBuildConfiguration;
			buildSettings = {
				HEADER_SEARCH_PATHS = /opt/local/include;
				LIBRARY_SEARCH_PATHS = /opt/local/lib;
				OTHER_LDFLAGS = (
					"-lfcgi",
					"-lfcgi++",
				);
				PRODUCT_NAME = "$(TARGET_NAME)";
			};
			name = Debug;
		};
		343BFBEB192A4FD200A16584 /* Release */ = {
			isa = XCBuildConfiguration;
			buildSettings = {
				HEADER_SEARCH_PATHS = /opt/local/include;
				LIBRARY_SEARCH_PATHS = /opt/local/lib;
				OTHER_LDFLAGS = (
					"-lfcgi",
					"-lfcgi++",
				);
				PRODUCT_NAME = "$(TARGET_NAME)";
			};
			name = Release;
		};
/* End XCBuildConfiguration section */

/* Begin XCConfigurationList section */
		343BFBDB192A4FD200A16584 /* Build configuration list for PBXProject "HLSServer" */ = {
			isa = XCConfigurationList;
			buildConfigurations = (
				343BFBE7192A4FD200A16584 /* Debug */,
				343BFBE8192A4FD200A16584 /* Release */,
			);
			defaultConfigurationIsVisible = 0;
			defaultConfigurationName = Release;
		};
		343BFBE9192A4FD200A16584 /* Build configuration list for PBXNativeTarget "HLSServer" */ = {
			isa = XCConfigurationList;
			buildConfigurations = (
				343BFBEA192A4FD200A16584 /* Debug */,
				343BFBEB192A4FD200A16584 /* Release */,
			);
			defaultConfigurationIsVisible = 0;
			defaultConfigurationName = Release;
		};
/* End XCConfigurationList section */
	};
	rootObject = 343BFBD8192A4FD200A16584 /* Project object */;
}
